
Microsoft Visual Studio Solution File, Format Version 12.00
# Visual Studio Version 17
VisualStudioVersion = 17.1.32328.378
MinimumVisualStudioVersion = 10.0.40219.1
Project("{9A19103F-16F7-4668-BE54-9A1E7A4F7556}") = "WindowsGenericPopups.WPFCoreLibrary", "WindowsGenericPopups.WPFCoreLibrary.csproj", "{8706F225-C71E-4773-A81C-E97A61B82F6F}"
EndProject
Global
	GlobalSection(SolutionConfigurationPlatforms) = preSolution
		Debug|Any CPU = Debug|Any CPU
		Release|Any CPU = Release|Any CPU
	EndGlobalSection
	GlobalSection(ProjectConfigurationPlatforms) = postSolution
		{8706F225-C71E-4773-A81C-E97A61B82F6F}.Debug|Any CPU.ActiveCfg = Debug|Any CPU
		{8706F225-C71E-4773-A81C-E97A61B82F6F}.Debug|Any CPU.Build.0 = Debug|Any CPU
		{8706F225-C71E-4773-A81C-E97A61B82F6F}.Release|Any CPU.ActiveCfg = Release|Any CPU
		{8706F225-C71E-4773-A81C-E97A61B82F6F}.Release|Any CPU.Build.0 = Release|Any CPU
	EndGlobalSection
	GlobalSection(SolutionProperties) = preSolution
		HideSolutionNode = FALSE
	EndGlobalSection
	GlobalSection(ExtensibilityGlobals) = postSolution
		SolutionGuid = {2E32741E-5B41-4304-9E42-FCEBD1DED766}
	EndGlobalSection
EndGlobal
